
Microsoft Visual Studio Solution File, Format Version 12.00
# Visual Studio Version 17
VisualStudioVersion = 17.12.35707.178 d17.12
MinimumVisualStudioVersion = 10.0.40219.1
Project("{FAE04EC0-301F-11D3-BF4B-00C04F79EFBC}") = "SmartPark Pro", "SmartPark Pro\SmartPark Pro.csproj", "{618261A7-A184-4624-A69A-932246A8D9BC}"
EndProject
Global
	GlobalSection(SolutionConfigurationPlatforms) = preSolution
		Debug|Any CPU = Debug|Any CPU
		Release|Any CPU = Release|Any CPU
	EndGlobalSection
	GlobalSection(ProjectConfigurationPlatforms) = postSolution
		{618261A7-A184-4624-A69A-932246A8D9BC}.Debug|Any CPU.ActiveCfg = Debug|Any CPU
		{618261A7-A184-4624-A69A-932246A8D9BC}.Debug|Any CPU.Build.0 = Debug|Any CPU
		{618261A7-A184-4624-A69A-932246A8D9BC}.Release|Any CPU.ActiveCfg = Release|Any CPU
		{618261A7-A184-4624-A69A-932246A8D9BC}.Release|Any CPU.Build.0 = Release|Any CPU
	EndGlobalSection
	GlobalSection(SolutionProperties) = preSolution
		HideSolutionNode = FALSE
	EndGlobalSection
EndGlobal
